dependencies:
- name: kube-prometheus-stack
  repository: https://prometheus-community.github.io/helm-charts
  version: 75.9.0
- name: grafana-operator
  repository: oci://ghcr.io/grafana/helm-charts
  version: v5.18.0
- name: loki
  repository: oci://ghcr.io/grafana/helm-charts
  version: 6.49.0
digest: sha256:869723424539139cea194f233d8db869b9c462bbe8bad8a032ca60aa5a537330
generated: "2026-02-03T15:25:19.93861954Z"
