dependencies:
- name: base
  repository: file://../../charts/base
  version: 1.29.0
- name: cni
  repository: file://../../charts/istio-cni
  version: 1.29.0
- name: istiod
  repository: file://../../charts/istio-control/istio-discovery
  version: 1.29.0
- name: ztunnel
  repository: file://../../charts/ztunnel
  version: 1.29.0
digest: sha256:2ec947ba59daa2ad56636205bedcbc996fbda48bb99ae4cb8a22f583c9184866
generated: "2026-02-16T13:40:55.354780364Z"
